
Microsoft Visual Studio Solution File, Format Version 12.00
# Visual Studio Version 17
VisualStudioVersion = 17.2.32519.379
MinimumVisualStudioVersion = 10.0.40219.1
Project("{9A19103F-16F7-4668-BE54-9A1E7A4F7556}") = "API", "API\API.csproj", "{030AFDFD-52ED-4BA6-ACD4-C0D53E564CBC}"
EndProject
Project("{9A19103F-16F7-4668-BE54-9A1E7A4F7556}") = "Domain", "Domain\Domain.csproj", "{0A2AD1CC-23B0-463A-A289-5B9F1B976090}"
EndProject
Project("{9A19103F-16F7-4668-BE54-9A1E7A4F7556}") = "Persistence", "Persistence\Persistence.csproj", "{24D857DB-8236-4135-A575-98DE3D70A690}"
EndProject
Project("{FAE04EC0-301F-11D3-BF4B-00C04F79EFBC}") = "Application", "Application\Application.csproj", "{E9C8948A-4CE9-46F3-A186-52C38B10AC6F}"
EndProject
Project("{FAE04EC0-301F-11D3-BF4B-00C04F79EFBC}") = "Infrastructure", "Infrastructure\Infrastructure.csproj", "{309D4586-7EDC-494C-88D6-42D09334D1A1}"
EndProject
Global
	GlobalSection(SolutionConfigurationPlatforms) = preSolution
		Debug|Any CPU = Debug|Any CPU
		Release|Any CPU = Release|Any CPU
	EndGlobalSection
	GlobalSection(ProjectConfigurationPlatforms) = postSolution
		{030AFDFD-52ED-4BA6-ACD4-C0D53E564CBC}.Debug|Any CPU.ActiveCfg = Debug|Any CPU
		{030AFDFD-52ED-4BA6-ACD4-C0D53E564CBC}.Debug|Any CPU.Build.0 = Debug|Any CPU
		{030AFDFD-52ED-4BA6-ACD4-C0D53E564CBC}.Release|Any CPU.ActiveCfg = Release|Any CPU
		{030AFDFD-52ED-4BA6-ACD4-C0D53E564CBC}.Release|Any CPU.Build.0 = Release|Any CPU
		{0A2AD1CC-23B0-463A-A289-5B9F1B976090}.Debug|Any CPU.ActiveCfg = Debug|Any CPU
		{0A2AD1CC-23B0-463A-A289-5B9F1B976090}.Debug|Any CPU.Build.0 = Debug|Any CPU
		{0A2AD1CC-23B0-463A-A289-5B9F1B976090}.Release|Any CPU.ActiveCfg = Release|Any CPU
		{0A2AD1CC-23B0-463A-A289-5B9F1B976090}.Release|Any CPU.Build.0 = Release|Any CPU
		{24D857DB-8236-4135-A575-98DE3D70A690}.Debug|Any CPU.ActiveCfg = Debug|Any CPU
		{24D857DB-8236-4135-A575-98DE3D70A690}.Debug|Any CPU.Build.0 = Debug|Any CPU
		{24D857DB-8236-4135-A575-98DE3D70A690}.Release|Any CPU.ActiveCfg = Release|Any CPU
		{24D857DB-8236-4135-A575-98DE3D70A690}.Release|Any CPU.Build.0 = Release|Any CPU
		{E9C8948A-4CE9-46F3-A186-52C38B10AC6F}.Debug|Any CPU.ActiveCfg = Debug|Any CPU
		{E9C8948A-4CE9-46F3-A186-52C38B10AC6F}.Debug|Any CPU.Build.0 = Debug|Any CPU
		{E9C8948A-4CE9-46F3-A186-52C38B10AC6F}.Release|Any CPU.ActiveCfg = Release|Any CPU
		{E9C8948A-4CE9-46F3-A186-52C38B10AC6F}.Release|Any CPU.Build.0 = Release|Any CPU
		{309D4586-7EDC-494C-88D6-42D09334D1A1}.Debug|Any CPU.ActiveCfg = Debug|Any CPU
		{309D4586-7EDC-494C-88D6-42D09334D1A1}.Debug|Any CPU.Build.0 = Debug|Any CPU
		{309D4586-7EDC-494C-88D6-42D09334D1A1}.Release|Any CPU.ActiveCfg = Release|Any CPU
		{309D4586-7EDC-494C-88D6-42D09334D1A1}.Release|Any CPU.Build.0 = Release|Any CPU
	EndGlobalSection
	GlobalSection(SolutionProperties) = preSolution
		HideSolutionNode = FALSE
	EndGlobalSection
	GlobalSection(ExtensibilityGlobals) = postSolution
		SolutionGuid = {706768FE-C1A0-4545-8DA0-B13598CD57EA}
	EndGlobalSection
EndGlobal
